dependencies:
  cmd_system:
    dependencies: []
    source:
      path: D:\dgx\espressif\Espressif\frameworks\esp-idf-v5.4\examples\system\console\advanced\components\cmd_system
      type: local
    version: '*'
  esp-qa/ping-cmd:
    component_hash: fe97de564088c2152234a27135e04b1db0b6a1f2075a684369f4a1f537502005
    dependencies:
    - name: idf
      require: private
      version: '>=4.3'
    source:
      registry_url: https://components.espressif.com/
      type: service
    version: 1.0.0
  esp-qa/wifi-cmd:
    component_hash: fd7076573a3c2f060071f58ac67faf5c21a06206a2ba9a593115c7234f98549c
    dependencies:
    - name: idf
      require: private
      version: '>=4.3'
    source:
      registry_url: https://components.espressif.com/
      type: service
    version: 0.1.10
  espressif/eppp_link:
    component_hash: c2fd9c57ac14a68a62c9d9cdeec39a2b265abc16779196ce2c9f5000c9a4dd8b
    dependencies:
    - name: idf
      require: private
      version: '>=5.2'
    - name: espressif/esp_serial_slave_link
      registry_url: https://components.espressif.com
      require: private
      version: ^1.1.0
    source:
      registry_url: https://components.espressif.com
      type: service
    version: 0.2.0
  espressif/esp_hosted:
    component_hash: 9e7a202cc18c08fa9b67c0261f9733b33af9b3af73eafd4ef6704cdb37bde7c2
    dependencies:
    - name: idf
      require: private
      version: '>=5.3'
    source:
      registry_url: https://components.espressif.com/
      type: service
    version: 1.4.1
  espressif/esp_serial_slave_link:
    component_hash: 8c534b7d4986ca0e4c41db71f559492b795ab862f1d15359d7993034696b7bcc
    dependencies:
    - name: idf
      require: private
      version: '>=5.0'
    source:
      registry_url: https://components.espressif.com
      type: service
    version: 1.1.0
  espressif/esp_wifi_remote:
    component_hash: f772731a8cc7361a3eb416eac94ac46cf85369cb996c5a5fc9245a07f241fee2
    dependencies:
    - name: espressif/eppp_link
      registry_url: https://components.espressif.com
      require: private
      version: '>=0.1'
    - name: espressif/esp_hosted
      registry_url: https://components.espressif.com
      require: private
      rules:
      - if: target in [esp32h2, esp32p4]
      version: '>=0.0.6'
    - name: idf
      require: private
      version: '>=5.3'
    source:
      registry_url: https://components.espressif.com/
      type: service
    version: 0.8.5
  espressif/iperf:
    component_hash: d2612130967a5384fe517cc41c27bae8cf71a16a91df98a3610b48e6888ec359
    dependencies:
    - name: idf
      require: private
      version: '>=4.3'
    source:
      registry_url: https://components.espressif.com
      type: service
    version: 0.1.3
  espressif/iperf-cmd:
    component_hash: dce2ce2d26357e3752164917692bd68aba95c39904cfd1c74766d7a933a5c25e
    dependencies:
    - name: idf
      require: private
      version: '>=4.3'
    - name: espressif/iperf
      registry_url: https://components.espressif.com
      require: private
      version: =0.1.3
    source:
      registry_url: https://components.espressif.com/
      type: service
    version: 0.1.3
  idf:
    source:
      type: idf
    version: 5.4.0
direct_dependencies:
- cmd_system
- esp-qa/ping-cmd
- esp-qa/wifi-cmd
- espressif/esp_hosted
- espressif/esp_wifi_remote
- espressif/iperf-cmd
manifest_hash: 8e5ce8a5b04e49e4b04e3525dfaad80b600e1591b8090fb77308c47861d93184
target: esp32p4
version: 2.0.0
